
Microsoft Visual Studio Solution File, Format Version 12.00
# Visual Studio 15
VisualStudioVersion = 15.0.28010.2016
MinimumVisualStudioVersion = 10.0.40219.1
Project("{FAE04EC0-301F-11D3-BF4B-00C04F79EFBC}") = "FarmDBV2", "FarmDBV2\FarmDBV2.csproj", "{AC42006A-4458-4A03-8FA9-4AC367468BFC}"
EndProject
Global
	GlobalSection(SolutionConfigurationPlatforms) = preSolution
		Debug|Any CPU = Debug|Any CPU
		Release|Any CPU = Release|Any CPU
	EndGlobalSection
	GlobalSection(ProjectConfigurationPlatforms) = postSolution
		{AC42006A-4458-4A03-8FA9-4AC367468BFC}.Debug|Any CPU.ActiveCfg = Debug|Any CPU
		{AC42006A-4458-4A03-8FA9-4AC367468BFC}.Debug|Any CPU.Build.0 = Debug|Any CPU
		{AC42006A-4458-4A03-8FA9-4AC367468BFC}.Release|Any CPU.ActiveCfg = Release|Any CPU
		{AC42006A-4458-4A03-8FA9-4AC367468BFC}.Release|Any CPU.Build.0 = Release|Any CPU
	EndGlobalSection
	GlobalSection(SolutionProperties) = preSolution
		HideSolutionNode = FALSE
	EndGlobalSection
	GlobalSection(ExtensibilityGlobals) = postSolution
		SolutionGuid = {135B9D43-EC18-4EF5-8D11-721D541813EF}
	EndGlobalSection
EndGlobal
